{
  "nodes": {
    "agenix": {
      "inputs": {
        "nixpkgs": [
          "nixpkgs"
        ]
      },
      "locked": {
        "lastModified": 1643841757,
        "narHash": "sha256-9tKhu4JzoZvustC9IEWK6wKcDhPLuK/ICbLgm8QnLnk=",
        "owner": "ryantm",
        "repo": "agenix",
        "rev": "a17d1f30550260f8b45764ddbd0391f4b1ed714a",
        "type": "github"
      },
      "original": {
        "owner": "ryantm",
        "repo": "agenix",
        "type": "github"
      }
    },
    "darwin": {
      "inputs": {
        "nixpkgs": [
          "nixpkgs"
        ]
      },
      "locked": {
        "lastModified": 1642495030,
        "narHash": "sha256-u1ZlFbLWzkM6zOfuZ1tr0tzTuDWucOYwALPWDWLorkE=",
        "owner": "lnl7",
        "repo": "nix-darwin",
        "rev": "bcdb6022b3a300abf59cb5d0106c158940f5120e",
        "type": "github"
      },
      "original": {
        "owner": "lnl7",
        "ref": "master",
        "repo": "nix-darwin",
        "type": "github"
      }
    },
    "flake-utils": {
      "locked": {
        "lastModified": 1644229661,
        "narHash": "sha256-1YdnJAsNy69bpcjuoKdOYQX0YxZBiCYZo4Twxerqv7k=",
        "owner": "numtide",
        "repo": "flake-utils",
        "rev": "3cecb5b042f7f209c56ffd8371b2711a290ec797",
        "type": "github"
      },
      "original": {
        "owner": "numtide",
        "repo": "flake-utils",
        "type": "github"
      }
    },
    "home-manager": {
      "inputs": {
        "nixpkgs": [
          "nixpkgs"
        ]
      },
      "locked": {
        "lastModified": 1644534280,
        "narHash": "sha256-Gzf/Jq/F1vvTp6XkzPU+pBCj3OSAFLiR7f0ptwRseiI=",
        "owner": "nix-community",
        "repo": "home-manager",
        "rev": "6d9d9294d09b5e88df65f8c6651efb8a4d7d2476",
        "type": "github"
      },
      "original": {
        "owner": "nix-community",
        "ref": "master",
        "repo": "home-manager",
        "type": "github"
      }
    },
    "impermanence": {
      "locked": {
        "lastModified": 1644608592,
        "narHash": "sha256-pgHgpslRmMFHSfKo9gIAk9g6xxWn51nvjSfxSgX6Tpw=",
        "owner": "nix-community",
        "repo": "impermanence",
        "rev": "bc3376a8e5ede458b14ccb7fb3fc680bf870f4d4",
        "type": "github"
      },
      "original": {
        "owner": "nix-community",
        "ref": "master",
        "repo": "impermanence",
        "type": "github"
      }
    },
    "impure-local": {
      "flake": false,
      "locked": {
        "narHash": "sha256-6pJ2Ev9tyW6cLAwqqqb5+VUhqvlVne1+IlB9DtFc0Fo=",
        "path": "/etc/nixos",
        "type": "path"
      },
      "original": {
        "path": "/etc/nixos",
        "type": "path"
      }
    },
    "nixlib": {
      "locked": {
        "lastModified": 1636849918,
        "narHash": "sha256-nzUK6dPcTmNVrgTAC1EOybSMsrcx+QrVPyqRdyKLkjA=",
        "owner": "nix-community",
        "repo": "nixpkgs.lib",
        "rev": "28a5b0557f14124608db68d3ee1f77e9329e9dd5",
        "type": "github"
      },
      "original": {
        "owner": "nix-community",
        "repo": "nixpkgs.lib",
        "type": "github"
      }
    },
    "nixos-generators": {
      "inputs": {
        "nixlib": "nixlib",
        "nixpkgs": [
          "nixpkgs"
        ]
      },
      "locked": {
        "lastModified": 1640542138,
        "narHash": "sha256-2f+Dslfzkuj0pgBl+70lkiTCg+U2Q0TcOikwxpsU+Fk=",
        "owner": "nix-community",
        "repo": "nixos-generators",
        "rev": "296067b9c7a172d294831dec89d86847f30a7cfc",
        "type": "github"
      },
      "original": {
        "owner": "nix-community",
        "repo": "nixos-generators",
        "type": "github"
      }
    },
    "nixpkgs": {
      "locked": {
        "lastModified": 1644486793,
        "narHash": "sha256-EeijR4guVHgVv+JpOX3cQO+1XdrkJfGmiJ9XVsVU530=",
        "owner": "nixos",
        "repo": "nixpkgs",
        "rev": "1882c6b7368fd284ad01b0a5b5601ef136321292",
        "type": "github"
      },
      "original": {
        "owner": "nixos",
        "ref": "nixpkgs-unstable",
        "repo": "nixpkgs",
        "type": "github"
      }
    },
    "nixpkgs-master": {
      "locked": {
        "lastModified": 1644694321,
        "narHash": "sha256-QyUKwPs6Ed3mcVOPrkvw0hUeqCVs0i+RmNarM0/sMEE=",
        "owner": "nixos",
        "repo": "nixpkgs",
        "rev": "af6cca4700eeb62da3a8e7662a723f9c44a259de",
        "type": "github"
      },
      "original": {
        "owner": "nixos",
        "ref": "master",
        "repo": "nixpkgs",
        "type": "github"
      }
    },
    "root": {
      "inputs": {
        "agenix": "agenix",
        "darwin": "darwin",
        "flake-utils": "flake-utils",
        "home-manager": "home-manager",
        "impermanence": "impermanence",
        "impure-local": "impure-local",
        "nixos-generators": "nixos-generators",
        "nixpkgs": "nixpkgs",
        "nixpkgs-master": "nixpkgs-master",
        "sops": "sops"
      }
    },
    "sops": {
      "inputs": {
        "nixpkgs": [
          "nixpkgs"
        ]
      },
      "locked": {
        "lastModified": 1644599065,
        "narHash": "sha256-oFLRb9p954wiUGn8iU5wOCY/7yBrT4Xvg7Ew07MvSKs=",
        "owner": "Mic92",
        "repo": "sops-nix",
        "rev": "fc22eff3205e9742c1b0fd229c267bf237f0c43e",
        "type": "github"
      },
      "original": {
        "owner": "Mic92",
        "repo": "sops-nix",
        "type": "github"
      }
    }
  },
  "root": "root",
  "version": 7
}
