{
  "nodes": {
    "agenix": {
      "inputs": {
        "darwin": "darwin",
        "home-manager": "home-manager",
        "nixpkgs": [
          "nixpkgs"
        ]
      },
      "locked": {
        "lastModified": 1690228878,
        "narHash": "sha256-9Xe7JV0krp4RJC9W9W9WutZVlw6BlHTFMiUP/k48LQY=",
        "owner": "ryantm",
        "repo": "agenix",
        "rev": "d8c973fd228949736dedf61b7f8cc1ece3236792",
        "type": "github"
      },
      "original": {
        "owner": "ryantm",
        "repo": "agenix",
        "type": "github"
      }
    },
    "clean-devshell": {
      "locked": {
        "lastModified": 1681924133,
        "narHash": "sha256-XZNHuzb1/nP3Tu/BjS4K01wHq/5NL9Ot1ErJtWyir8o=",
        "owner": "ZentriaMC",
        "repo": "clean-devshell",
        "rev": "ca9449a77eb1898e66230e2bbec1512bb577d701",
        "type": "github"
      },
      "original": {
        "owner": "ZentriaMC",
        "repo": "clean-devshell",
        "type": "github"
      }
    },
    "darwin": {
      "inputs": {
        "nixpkgs": [
          "agenix",
          "nixpkgs"
        ]
      },
      "locked": {
        "lastModified": 1673295039,
        "narHash": "sha256-AsdYgE8/GPwcelGgrntlijMg4t3hLFJFCRF3tL5WVjA=",
        "owner": "lnl7",
        "repo": "nix-darwin",
        "rev": "87b9d090ad39b25b2400029c64825fc2a8868943",
        "type": "github"
      },
      "original": {
        "owner": "lnl7",
        "ref": "master",
        "repo": "nix-darwin",
        "type": "github"
      }
    },
    "darwin_2": {
      "inputs": {
        "nixpkgs": [
          "nixpkgs"
        ]
      },
      "locked": {
        "lastModified": 1690431538,
        "narHash": "sha256-Uml8ivMMOFPB9fNSDcw72imGHRdJpaK12sRm2DTLLe8=",
        "owner": "lnl7",
        "repo": "nix-darwin",
        "rev": "16c07487ac9bc59f58b121d13160c67befa3342e",
        "type": "github"
      },
      "original": {
        "owner": "lnl7",
        "ref": "master",
        "repo": "nix-darwin",
        "type": "github"
      }
    },
    "docker-zfs-plugin": {
      "inputs": {
        "flake-utils": [
          "flake-utils"
        ],
        "nixpkgs": [
          "nixpkgs"
        ]
      },
      "locked": {
        "lastModified": 1650751109,
        "narHash": "sha256-+xJoBdXMWr6+hQMixn+Jv46fdiDJxk7Xede94f66wck=",
        "owner": "ZentriaMC",
        "repo": "docker-zfs-plugin",
        "rev": "9acdfd1f3c28638d790908c832f76fef07459922",
        "type": "github"
      },
      "original": {
        "owner": "ZentriaMC",
        "repo": "docker-zfs-plugin",
        "type": "github"
      }
    },
    "flake-compat": {
      "flake": false,
      "locked": {
        "lastModified": 1673956053,
        "narHash": "sha256-4gtG9iQuiKITOjNQQeQIpoIB6b16fm+504Ch3sNKLd8=",
        "owner": "edolstra",
        "repo": "flake-compat",
        "rev": "35bb57c0c8d8b62bbfd284272c928ceb64ddbde9",
        "type": "github"
      },
      "original": {
        "owner": "edolstra",
        "repo": "flake-compat",
        "type": "github"
      }
    },
    "flake-utils": {
      "inputs": {
        "systems": "systems"
      },
      "locked": {
        "lastModified": 1689068808,
        "narHash": "sha256-6ixXo3wt24N/melDWjq70UuHQLxGV8jZvooRanIHXw0=",
        "owner": "numtide",
        "repo": "flake-utils",
        "rev": "919d646de7be200f3bf08cb76ae1f09402b6f9b4",
        "type": "github"
      },
      "original": {
        "owner": "numtide",
        "repo": "flake-utils",
        "type": "github"
      }
    },
    "home-manager": {
      "inputs": {
        "nixpkgs": [
          "agenix",
          "nixpkgs"
        ]
      },
      "locked": {
        "lastModified": 1682203081,
        "narHash": "sha256-kRL4ejWDhi0zph/FpebFYhzqlOBrk0Pl3dzGEKSAlEw=",
        "owner": "nix-community",
        "repo": "home-manager",
        "rev": "32d3e39c491e2f91152c84f8ad8b003420eab0a1",
        "type": "github"
      },
      "original": {
        "owner": "nix-community",
        "repo": "home-manager",
        "type": "github"
      }
    },
    "home-manager_2": {
      "inputs": {
        "nixpkgs": [
          "nixpkgs"
        ]
      },
      "locked": {
        "lastModified": 1690303752,
        "narHash": "sha256-2YiwFHQERGoaORNORmsdmVlPD8CVVwlwbV2+f77sFhg=",
        "owner": "nix-community",
        "repo": "home-manager",
        "rev": "ba2c0737cc848db03470828fdb5e86df75ed42a8",
        "type": "github"
      },
      "original": {
        "owner": "nix-community",
        "ref": "master",
        "repo": "home-manager",
        "type": "github"
      }
    },
    "impermanence": {
      "locked": {
        "lastModified": 1684264534,
        "narHash": "sha256-K0zr+ry3FwIo3rN2U/VWAkCJSgBslBisvfRIPwMbuCQ=",
        "owner": "nix-community",
        "repo": "impermanence",
        "rev": "89253fb1518063556edd5e54509c30ac3089d5e6",
        "type": "github"
      },
      "original": {
        "owner": "nix-community",
        "ref": "master",
        "repo": "impermanence",
        "type": "github"
      }
    },
    "impure-local": {
      "flake": false,
      "locked": {
        "lastModified": 1,
        "narHash": "sha256-6pJ2Ev9tyW6cLAwqqqb5+VUhqvlVne1+IlB9DtFc0Fo=",
        "path": "./impure-local",
        "type": "path"
      },
      "original": {
        "path": "./impure-local",
        "type": "path"
      }
    },
    "kernel-patches": {
      "flake": false,
      "locked": {
        "lastModified": 1650036744,
        "narHash": "sha256-T5Z6/EotF0HgHsVuqvfvVA73nGdclbAf7Ssbt2AGlIk=",
        "owner": "mikroskeem",
        "repo": "kernel-patches",
        "rev": "e725541b0b9ddbf6455f431714d7ddf06ac14219",
        "type": "github"
      },
      "original": {
        "owner": "mikroskeem",
        "repo": "kernel-patches",
        "type": "github"
      }
    },
    "le9": {
      "flake": false,
      "locked": {
        "lastModified": 1686455923,
        "narHash": "sha256-SboC0TnMiE9owDd9MppoivzcWhp4CueWWFMBTOjVdoc=",
        "owner": "hakavlad",
        "repo": "le9-patch",
        "rev": "835d59774ccc19ed239b34f1d240a76febbe6005",
        "type": "github"
      },
      "original": {
        "owner": "hakavlad",
        "repo": "le9-patch",
        "type": "github"
      }
    },
    "nixlib": {
      "locked": {
        "lastModified": 1689469483,
        "narHash": "sha256-2SBhY7rZQ/iNCxe04Eqxlz9YK9KgbaTMBssq3/BgdWY=",
        "owner": "nix-community",
        "repo": "nixpkgs.lib",
        "rev": "02fea408f27186f139153e1ae88f8ab2abd9c22c",
        "type": "github"
      },
      "original": {
        "owner": "nix-community",
        "repo": "nixpkgs.lib",
        "type": "github"
      }
    },
    "nixos-generators": {
      "inputs": {
        "nixlib": "nixlib",
        "nixpkgs": [
          "nixpkgs"
        ]
      },
      "locked": {
        "lastModified": 1690133435,
        "narHash": "sha256-YNZiefETggroaTLsLJG2M+wpF0pJPwiauKG4q48ddNU=",
        "owner": "nix-community",
        "repo": "nixos-generators",
        "rev": "b1171de4d362c022130c92d7c8adc4bf2b83d586",
        "type": "github"
      },
      "original": {
        "owner": "nix-community",
        "repo": "nixos-generators",
        "type": "github"
      }
    },
    "nixpkgs": {
      "locked": {
        "lastModified": 1690378156,
        "narHash": "sha256-rWRkHrW/ixoXXDiu5Z6NJ9QodUzufAxT6veTSELEFNA=",
        "owner": "nixos",
        "repo": "nixpkgs",
        "rev": "fb4debd73182c203a69060cb84e63c9e779c3a49",
        "type": "github"
      },
      "original": {
        "owner": "nixos",
        "ref": "nixpkgs-unstable",
        "repo": "nixpkgs",
        "type": "github"
      }
    },
    "nixpkgs-master": {
      "locked": {
        "lastModified": 1690462383,
        "narHash": "sha256-51VohVZldVRXtZasxg+SVnUbFgRTqUB80/ur/+Cp6AQ=",
        "owner": "nixos",
        "repo": "nixpkgs",
        "rev": "327bfef31d2c2b712d2ac348b3cd7ebe2db0f199",
        "type": "github"
      },
      "original": {
        "owner": "nixos",
        "ref": "master",
        "repo": "nixpkgs",
        "type": "github"
      }
    },
    "nixpkgs-stable": {
      "locked": {
        "lastModified": 1690066826,
        "narHash": "sha256-6L2qb+Zc0BFkh72OS9uuX637gniOjzU6qCDBpjB2LGY=",
        "owner": "NixOS",
        "repo": "nixpkgs",
        "rev": "ce45b591975d070044ca24e3003c830d26fea1c8",
        "type": "github"
      },
      "original": {
        "owner": "NixOS",
        "ref": "release-23.05",
        "repo": "nixpkgs",
        "type": "github"
      }
    },
    "root": {
      "inputs": {
        "agenix": "agenix",
        "clean-devshell": "clean-devshell",
        "darwin": "darwin_2",
        "docker-zfs-plugin": "docker-zfs-plugin",
        "flake-compat": "flake-compat",
        "flake-utils": "flake-utils",
        "home-manager": "home-manager_2",
        "impermanence": "impermanence",
        "impure-local": "impure-local",
        "kernel-patches": "kernel-patches",
        "le9": "le9",
        "nixos-generators": "nixos-generators",
        "nixpkgs": "nixpkgs",
        "nixpkgs-master": "nixpkgs-master",
        "secrets-decl": "secrets-decl",
        "sops": "sops"
      }
    },
    "secrets-decl": {
      "locked": {
        "lastModified": 1646659072,
        "narHash": "sha256-iOr+Pym0zMWOEHK/9fHW/MKHorovzji1WOwQubTzYlA=",
        "owner": "ZentriaMC",
        "repo": "secrets-decl",
        "rev": "91d7a290c2cc2f3e8d88328531443154649f0b7e",
        "type": "github"
      },
      "original": {
        "owner": "ZentriaMC",
        "repo": "secrets-decl",
        "type": "github"
      }
    },
    "sops": {
      "inputs": {
        "nixpkgs": [
          "nixpkgs"
        ],
        "nixpkgs-stable": "nixpkgs-stable"
      },
      "locked": {
        "lastModified": 1690199016,
        "narHash": "sha256-yTLL72q6aqGmzHq+C3rDp3rIjno7EJZkFLof6Ika7cE=",
        "owner": "Mic92",
        "repo": "sops-nix",
        "rev": "c36df4fe4bf4bb87759b1891cab21e7a05219500",
        "type": "github"
      },
      "original": {
        "owner": "Mic92",
        "repo": "sops-nix",
        "type": "github"
      }
    },
    "systems": {
      "locked": {
        "lastModified": 1681028828,
        "narHash": "sha256-Vy1rq5AaRuLzOxct8nz4T6wlgyUR7zLU309k9mBC768=",
        "owner": "nix-systems",
        "repo": "default",
        "rev": "da67096a3b9bf56a91d16901293e51ba5b49a27e",
        "type": "github"
      },
      "original": {
        "owner": "nix-systems",
        "repo": "default",
        "type": "github"
      }
    }
  },
  "root": "root",
  "version": 7
}
